<?xml version="1.0" encoding="utf-8"?>
<Project ToolsVersion="4.0" xmlns="http://schemas.microsoft.com/developer/msbuild/2003">
  <ItemGroup>
    <Filter Include="win32">
      <UniqueIdentifier>{84a8ebd7-7cf0-47f6-b75e-d441df67da40}</UniqueIdentifier>
    </Filter>
    <Filter Include="resource">
      <UniqueIdentifier>{715254bc-d70b-4ec5-bf29-467dd3ace079}</UniqueIdentifier>
    </Filter>
    <Filter Include="src">
      <UniqueIdentifier>{bb6c862e-70e9-49d9-81b7-3829a6f50471}</UniqueIdentifier>
    </Filter>
    <Filter Include="physics3D">
      <UniqueIdentifier>{0633ca63-2324-40a2-9eaa-0c0a03460a62}</UniqueIdentifier>
    </Filter>
  </ItemGroup>
  <ItemGroup>
    <ClCompile Include="main.cpp">
      <Filter>win32</Filter>
    </ClCompile>
    <ClCompile Include="..\Classes\AppDelegate.cpp" />
    <ClCompile Include="..\Classes\HelloWorldScene.cpp" />
    <ClCompile Include="..\Classes\physics3d\PhysicsDraw3D.cpp">
      <Filter>physics3D</Filter>
    </ClCompile>
    <ClCompile Include="..\Classes\physics3d\PhysicsWorld3D.cpp">
      <Filter>physics3D</Filter>
    </ClCompile>
    <ClCompile Include="..\classes\DrawNode3D.cpp" />
    <ClCompile Include="..\Classes\physics3d\heightfield128x128.cpp">
      <Filter>physics3D</Filter>
    </ClCompile>
    <ClCompile Include="..\Classes\Camera3D.cpp" />
    <ClCompile Include="..\Classes\CameraControl.cpp" />
    <ClCompile Include="..\Classes\physics3d\PhysicsHelper3D.cpp">
      <Filter>physics3D</Filter>
    </ClCompile>
    <ClCompile Include="..\Classes\physics3d\PhysicsMesh3D.cpp">
      <Filter>physics3D</Filter>
    </ClCompile>
  </ItemGroup>
  <ItemGroup>
    <ClInclude Include="main.h">
      <Filter>win32</Filter>
    </ClInclude>
    <ClInclude Include="..\Classes\AppDelegate.h" />
    <ClInclude Include="..\Classes\HelloWorldScene.h" />
    <ClInclude Include="..\Classes\physics3d\PhysicsWorld3D.h">
      <Filter>physics3D</Filter>
    </ClInclude>
    <ClInclude Include="..\Classes\physics3d\PhysicsDraw3D.h">
      <Filter>physics3D</Filter>
    </ClInclude>
    <ClInclude Include="..\classes\DrawNode3D.h" />
    <ClInclude Include="..\Classes\Camera3D.h" />
    <ClInclude Include="..\Classes\CameraControl.h" />
    <ClInclude Include="..\Classes\physics3d\PhysicsHelper3D.h">
      <Filter>physics3D</Filter>
    </ClInclude>
    <ClInclude Include="..\Classes\physics3d\PhysicsMesh3D.h">
      <Filter>physics3D</Filter>
    </ClInclude>
  </ItemGroup>
  <ItemGroup>
    <ResourceCompile Include="game.rc">
      <Filter>resource</Filter>
    </ResourceCompile>
  </ItemGroup>
</Project>